
Microsoft Visual Studio Solution File, Format Version 12.00
# Visual Studio Version 16
VisualStudioVersion = 16.0.31515.178
MinimumVisualStudioVersion = 10.0.40219.1
Project("{FAE04EC0-301F-11D3-BF4B-00C04F79EFBC}") = "jd", "jd\jd.csproj", "{DB2859BB-EB56-4171-9CC5-DE8BAA1B19D0}"
EndProject
Global
	GlobalSection(SolutionConfigurationPlatforms) = preSolution
		Debug|Any CPU = Debug|Any CPU
		Release|Any CPU = Release|Any CPU
	EndGlobalSection
	GlobalSection(ProjectConfigurationPlatforms) = postSolution
		{DB2859BB-EB56-4171-9CC5-DE8BAA1B19D0}.Debug|Any CPU.ActiveCfg = Debug|Any CPU
		{DB2859BB-EB56-4171-9CC5-DE8BAA1B19D0}.Debug|Any CPU.Build.0 = Debug|Any CPU
		{DB2859BB-EB56-4171-9CC5-DE8BAA1B19D0}.Release|Any CPU.ActiveCfg = Release|Any CPU
		{DB2859BB-EB56-4171-9CC5-DE8BAA1B19D0}.Release|Any CPU.Build.0 = Release|Any CPU
	EndGlobalSection
	GlobalSection(SolutionProperties) = preSolution
		HideSolutionNode = FALSE
	EndGlobalSection
	GlobalSection(ExtensibilityGlobals) = postSolution
		SolutionGuid = {7A7BACFD-3F4E-484D-BD8B-92928C6CF926}
	EndGlobalSection
EndGlobal
